
Microsoft Visual Studio Solution File, Format Version 12.00
# Visual Studio Version 17
Project("{8BC9CEB8-8B4A-11D0-8D11-00A0C91BC942}") = "ALL_BUILD", "ALL_BUILD.vcxproj", "{3EF9B396-2DB9-35B5-8B6B-6BE11C1260F1}"
	ProjectSection(ProjectDependencies) = postProject
		{E2C1B979-F78C-359B-878F-F83A6B1258E4} = {E2C1B979-F78C-359B-878F-F83A6B1258E4}
		{A682B4B1-089B-36B4-912F-85F516552EAC} = {A682B4B1-089B-36B4-912F-85F516552EAC}
		{96A22CB5-F10A-3F50-A107-88F231B60897} = {96A22CB5-F10A-3F50-A107-88F231B60897}
		{4E6BCCE3-574C-3C8B-931D-1728C2589D7C} = {4E6BCCE3-574C-3C8B-931D-1728C2589D7C}
	EndProjectSection
EndProject
Project("{8BC9CEB8-8B4A-11D0-8D11-00A0C91BC942}") = "ZERO_CHECK", "ZERO_CHECK.vcxproj", "{E2C1B979-F78C-359B-878F-F83A6B1258E4}"
	ProjectSection(ProjectDependencies) = postProject
	EndProjectSection
EndProject
Project("{8BC9CEB8-8B4A-11D0-8D11-00A0C91BC942}") = "attitude_priority_main", "attitude_priority_main.vcxproj", "{A682B4B1-089B-36B4-912F-85F516552EAC}"
	ProjectSection(ProjectDependencies) = postProject
		{E2C1B979-F78C-359B-878F-F83A6B1258E4} = {E2C1B979-F78C-359B-878F-F83A6B1258E4}
		{96A22CB5-F10A-3F50-A107-88F231B60897} = {96A22CB5-F10A-3F50-A107-88F231B60897}
	EndProjectSection
EndProject
Project("{8BC9CEB8-8B4A-11D0-8D11-00A0C91BC942}") = "ct_fgo_sim", "ct_fgo_sim.vcxproj", "{96A22CB5-F10A-3F50-A107-88F231B60897}"
	ProjectSection(ProjectDependencies) = postProject
		{E2C1B979-F78C-359B-878F-F83A6B1258E4} = {E2C1B979-F78C-359B-878F-F83A6B1258E4}
	EndProjectSection
EndProject
Project("{8BC9CEB8-8B4A-11D0-8D11-00A0C91BC942}") = "ct_fgo_sim_main", "ct_fgo_sim_main.vcxproj", "{4E6BCCE3-574C-3C8B-931D-1728C2589D7C}"
	ProjectSection(ProjectDependencies) = postProject
		{E2C1B979-F78C-359B-878F-F83A6B1258E4} = {E2C1B979-F78C-359B-878F-F83A6B1258E4}
		{96A22CB5-F10A-3F50-A107-88F231B60897} = {96A22CB5-F10A-3F50-A107-88F231B60897}
	EndProjectSection
EndProject
Global
	GlobalSection(SolutionConfigurationPlatforms) = preSolution
		Debug|x64 = Debug|x64
		Release|x64 = Release|x64
		MinSizeRel|x64 = MinSizeRel|x64
		RelWithDebInfo|x64 = RelWithDebInfo|x64
	EndGlobalSection
	GlobalSection(ProjectConfigurationPlatforms) = postSolution
		{3EF9B396-2DB9-35B5-8B6B-6BE11C1260F1}.Debug|x64.ActiveCfg = Debug|x64
		{3EF9B396-2DB9-35B5-8B6B-6BE11C1260F1}.Release|x64.ActiveCfg = Release|x64
		{3EF9B396-2DB9-35B5-8B6B-6BE11C1260F1}.MinSizeRel|x64.ActiveCfg = MinSizeRel|x64
		{3EF9B396-2DB9-35B5-8B6B-6BE11C1260F1}.RelWithDebInfo|x64.ActiveCfg = RelWithDebInfo|x64
		{E2C1B979-F78C-359B-878F-F83A6B1258E4}.Debug|x64.ActiveCfg = Debug|x64
		{E2C1B979-F78C-359B-878F-F83A6B1258E4}.Debug|x64.Build.0 = Debug|x64
		{E2C1B979-F78C-359B-878F-F83A6B1258E4}.Release|x64.ActiveCfg = Release|x64
		{E2C1B979-F78C-359B-878F-F83A6B1258E4}.Release|x64.Build.0 = Release|x64
		{E2C1B979-F78C-359B-878F-F83A6B1258E4}.MinSizeRel|x64.ActiveCfg = MinSizeRel|x64
		{E2C1B979-F78C-359B-878F-F83A6B1258E4}.MinSizeRel|x64.Build.0 = MinSizeRel|x64
		{E2C1B979-F78C-359B-878F-F83A6B1258E4}.RelWithDebInfo|x64.ActiveCfg = RelWithDebInfo|x64
		{E2C1B979-F78C-359B-878F-F83A6B1258E4}.RelWithDebInfo|x64.Build.0 = RelWithDebInfo|x64
		{A682B4B1-089B-36B4-912F-85F516552EAC}.Debug|x64.ActiveCfg = Debug|x64
		{A682B4B1-089B-36B4-912F-85F516552EAC}.Debug|x64.Build.0 = Debug|x64
		{A682B4B1-089B-36B4-912F-85F516552EAC}.Release|x64.ActiveCfg = Release|x64
		{A682B4B1-089B-36B4-912F-85F516552EAC}.Release|x64.Build.0 = Release|x64
		{A682B4B1-089B-36B4-912F-85F516552EAC}.MinSizeRel|x64.ActiveCfg = MinSizeRel|x64
		{A682B4B1-089B-36B4-912F-85F516552EAC}.MinSizeRel|x64.Build.0 = MinSizeRel|x64
		{A682B4B1-089B-36B4-912F-85F516552EAC}.RelWithDebInfo|x64.ActiveCfg = RelWithDebInfo|x64
		{A682B4B1-089B-36B4-912F-85F516552EAC}.RelWithDebInfo|x64.Build.0 = RelWithDebInfo|x64
		{96A22CB5-F10A-3F50-A107-88F231B60897}.Debug|x64.ActiveCfg = Debug|x64
		{96A22CB5-F10A-3F50-A107-88F231B60897}.Debug|x64.Build.0 = Debug|x64
		{96A22CB5-F10A-3F50-A107-88F231B60897}.Release|x64.ActiveCfg = Release|x64
		{96A22CB5-F10A-3F50-A107-88F231B60897}.Release|x64.Build.0 = Release|x64
		{96A22CB5-F10A-3F50-A107-88F231B60897}.MinSizeRel|x64.ActiveCfg = MinSizeRel|x64
		{96A22CB5-F10A-3F50-A107-88F231B60897}.MinSizeRel|x64.Build.0 = MinSizeRel|x64
		{96A22CB5-F10A-3F50-A107-88F231B60897}.RelWithDebInfo|x64.ActiveCfg = RelWithDebInfo|x64
		{96A22CB5-F10A-3F50-A107-88F231B60897}.RelWithDebInfo|x64.Build.0 = RelWithDebInfo|x64
		{4E6BCCE3-574C-3C8B-931D-1728C2589D7C}.Debug|x64.ActiveCfg = Debug|x64
		{4E6BCCE3-574C-3C8B-931D-1728C2589D7C}.Debug|x64.Build.0 = Debug|x64
		{4E6BCCE3-574C-3C8B-931D-1728C2589D7C}.Release|x64.ActiveCfg = Release|x64
		{4E6BCCE3-574C-3C8B-931D-1728C2589D7C}.Release|x64.Build.0 = Release|x64
		{4E6BCCE3-574C-3C8B-931D-1728C2589D7C}.MinSizeRel|x64.ActiveCfg = MinSizeRel|x64
		{4E6BCCE3-574C-3C8B-931D-1728C2589D7C}.MinSizeRel|x64.Build.0 = MinSizeRel|x64
		{4E6BCCE3-574C-3C8B-931D-1728C2589D7C}.RelWithDebInfo|x64.ActiveCfg = RelWithDebInfo|x64
		{4E6BCCE3-574C-3C8B-931D-1728C2589D7C}.RelWithDebInfo|x64.Build.0 = RelWithDebInfo|x64
	EndGlobalSection
	GlobalSection(ExtensibilityGlobals) = postSolution
		SolutionGuid = {1FEE3ABA-2BA3-3524-99B8-CE4404CC81AD}
	EndGlobalSection
	GlobalSection(ExtensibilityAddIns) = postSolution
	EndGlobalSection
EndGlobal
